{
  "name": "tool",
  "lockfileVersion": 2,
  "requires": true,
  "packages": {
    "": {
      "dependencies": {
        "tmx-parser": "^1.5.0"
      }
    },
    "node_modules/pend": {
      "version": "1.2.0",
      "resolved": "https://registry.npmjs.org/pend/-/pend-1.2.0.tgz",
      "integrity": "sha1-elfrVQpng/kRUzH89GY9XI4AelA="
    },
    "node_modules/sax": {
      "version": "1.1.6",
      "resolved": "https://registry.npmjs.org/sax/-/sax-1.1.6.tgz",
      "integrity": "sha1-XWFr6KXmB9VOEUr65Vt+ry/MMkA="
    },
    "node_modules/tmx-parser": {
      "version": "1.5.0",
      "resolved": "https://registry.npmjs.org/tmx-parser/-/tmx-parser-1.5.0.tgz",
      "integrity": "sha1-75y0wBVsPJCu6gARdaK5rUHDx3s=",
      "dependencies": {
        "pend": "~1.2.0",
        "sax": "~1.1.2"
      }
    }
  },
  "dependencies": {
    "pend": {
      "version": "1.2.0",
      "resolved": "https://registry.npmjs.org/pend/-/pend-1.2.0.tgz",
      "integrity": "sha1-elfrVQpng/kRUzH89GY9XI4AelA="
    },
    "sax": {
      "version": "1.1.6",
      "resolved": "https://registry.npmjs.org/sax/-/sax-1.1.6.tgz",
      "integrity": "sha1-XWFr6KXmB9VOEUr65Vt+ry/MMkA="
    },
    "tmx-parser": {
      "version": "1.5.0",
      "resolved": "https://registry.npmjs.org/tmx-parser/-/tmx-parser-1.5.0.tgz",
      "integrity": "sha1-75y0wBVsPJCu6gARdaK5rUHDx3s=",
      "requires": {
        "pend": "~1.2.0",
        "sax": "~1.1.2"
      }
    }
  }
}
